[[package]]
name = "ed25519"
version = "1.5"
description = "Ed25519 public-key signatures"
category = "main"
optional = false
python-versions = "*"

[[package]]
name = "numpy"
version = "1.23.1"
description = "NumPy is the fundamental package for array computing with Python."
category = "main"
optional = false
python-versions = ">=3.8"

[[package]]
name = "pandas"
version = "1.4.3"
description = "Powerful data structures for data analysis, time series, and statistics"
category = "main"
optional = false
python-versions = ">=3.8"

[package.dependencies]
numpy = [
    {version = ">=1.18.5", markers = "platform_machine != \"aarch64\" and platform_machine != \"arm64\" and python_version < \"3.10\""},
    {version = ">=1.19.2", markers = "platform_machine == \"aarch64\" and python_version < \"3.10\""},
    {version = ">=1.20.0", markers = "platform_machine == \"arm64\" and python_version < \"3.10\""},
    {version = ">=1.21.0", markers = "python_version >= \"3.10\""},
]
python-dateutil = ">=2.8.1"
pytz = ">=2020.1"

[package.extras]
test = ["hypothesis (>=5.5.3)", "pytest (>=6.0)", "pytest-xdist (>=1.31)"]

[[package]]
name = "python-dateutil"
version = "2.8.2"
description = "Extensions to the standard Python datetime module"
category = "main"
optional = false
python-versions = "!=3.0.*,!=3.1.*,!=3.2.*,>=2.7"

[package.dependencies]
six = ">=1.5"

[[package]]
name = "pytomlpp"
version = "1.0.11"
description = "A python wrapper for toml++"
category = "main"
optional = false
python-versions = "*"

[[package]]
name = "pytz"
version = "2022.1"
description = "World timezone definitions, modern and historical"
category = "main"
optional = false
python-versions = "*"

[[package]]
name = "rai-sdk"
version = "0.6.3"
description = "The RelationalAI Software Development Kit for Python"
category = "main"
optional = false
python-versions = "*"

[package.dependencies]
ed25519 = "1.5"

[[package]]
name = "six"
version = "1.16.0"
description = "Python 2 and 3 compatibility utilities"
category = "main"
optional = false
python-versions = ">=2.7, !=3.0.*, !=3.1.*, !=3.2.*"

[metadata]
lock-version = "1.1"
python-versions = "^3.8"
content-hash = "890007843967395ed10c73ac340a06b01d49b1d0eb3477f18c8c257058883df0"

[metadata.files]
ed25519 = [
    {file = "ed25519-1.5.tar.gz", hash = "sha256:02053ee019ceef0df97294be2d4d5a8fc120fc86e81e08bec1245fc0f9403358"},
]
numpy = []
pandas = [
    {file = "pandas-1.4.3-cp310-cp310-macosx_10_9_universal2.whl", hash = "sha256:d51674ed8e2551ef7773820ef5dab9322be0828629f2cbf8d1fc31a0c4fed640"},
    {file = "pandas-1.4.3-cp310-cp310-macosx_10_9_x86_64.whl", hash = "sha256:16ad23db55efcc93fa878f7837267973b61ea85d244fc5ff0ccbcfa5638706c5"},
    {file = "pandas-1.4.3-cp310-cp310-macosx_11_0_arm64.whl", hash = "sha256:958a0588149190c22cdebbc0797e01972950c927a11a900fe6c2296f207b1d6f"},
    {file = "pandas-1.4.3-cp310-cp310-manylinux_2_17_aarch64.manylinux2014_aarch64.whl", hash = "sha256:e48fbb64165cda451c06a0f9e4c7a16b534fcabd32546d531b3c240ce2844112"},
    {file = "pandas-1.4.3-cp310-cp310-manylinux_2_17_x86_64.manylinux2014_x86_64.whl", hash = "sha256:6f803320c9da732cc79210d7e8cc5c8019aad512589c910c66529eb1b1818230"},
    {file = "pandas-1.4.3-cp310-cp310-win_amd64.whl", hash = "sha256:2893e923472a5e090c2d5e8db83e8f907364ec048572084c7d10ef93546be6d1"},
    {file = "pandas-1.4.3-cp38-cp38-macosx_10_9_universal2.whl", hash = "sha256:24ea75f47bbd5574675dae21d51779a4948715416413b30614c1e8b480909f81"},
    {file = "pandas-1.4.3-cp38-cp38-macosx_10_9_x86_64.whl", hash = "sha256:d5ebc990bd34f4ac3c73a2724c2dcc9ee7bf1ce6cf08e87bb25c6ad33507e318"},
    {file = "pandas-1.4.3-cp38-cp38-macosx_11_0_arm64.whl", hash = "sha256:d6c0106415ff1a10c326c49bc5dd9ea8b9897a6ca0c8688eb9c30ddec49535ef"},
    {file = "pandas-1.4.3-cp38-cp38-manylinux_2_17_aarch64.manylinux2014_aarch64.whl", hash = "sha256:78b00429161ccb0da252229bcda8010b445c4bf924e721265bec5a6e96a92e92"},
    {file = "pandas-1.4.3-cp38-cp38-manylinux_2_17_x86_64.manylinux2014_x86_64.whl", hash = "sha256:6dfbf16b1ea4f4d0ee11084d9c026340514d1d30270eaa82a9f1297b6c8ecbf0"},
    {file = "pandas-1.4.3-cp38-cp38-win32.whl", hash = "sha256:48350592665ea3cbcd07efc8c12ff12d89be09cd47231c7925e3b8afada9d50d"},
    {file = "pandas-1.4.3-cp38-cp38-win_amd64.whl", hash = "sha256:605d572126eb4ab2eadf5c59d5d69f0608df2bf7bcad5c5880a47a20a0699e3e"},
    {file = "pandas-1.4.3-cp39-cp39-macosx_10_9_universal2.whl", hash = "sha256:a3924692160e3d847e18702bb048dc38e0e13411d2b503fecb1adf0fcf950ba4"},
    {file = "pandas-1.4.3-cp39-cp39-macosx_10_9_x86_64.whl", hash = "sha256:07238a58d7cbc8a004855ade7b75bbd22c0db4b0ffccc721556bab8a095515f6"},
    {file = "pandas-1.4.3-cp39-cp39-macosx_11_0_arm64.whl", hash = "sha256:755679c49460bd0d2f837ab99f0a26948e68fa0718b7e42afbabd074d945bf84"},
    {file = "pandas-1.4.3-cp39-cp39-manylinux_2_17_aarch64.manylinux2014_aarch64.whl", hash = "sha256:41fc406e374590a3d492325b889a2686b31e7a7780bec83db2512988550dadbf"},
    {file = "pandas-1.4.3-cp39-cp39-manylinux_2_17_x86_64.manylinux2014_x86_64.whl", hash = "sha256:1d9382f72a4f0e93909feece6fef5500e838ce1c355a581b3d8f259839f2ea76"},
    {file = "pandas-1.4.3-cp39-cp39-win32.whl", hash = "sha256:0daf876dba6c622154b2e6741f29e87161f844e64f84801554f879d27ba63c0d"},
    {file = "pandas-1.4.3-cp39-cp39-win_amd64.whl", hash = "sha256:721a3dd2f06ef942f83a819c0f3f6a648b2830b191a72bbe9451bcd49c3bd42e"},
    {file = "pandas-1.4.3.tar.gz", hash = "sha256:2ff7788468e75917574f080cd4681b27e1a7bf36461fe968b49a87b5a54d007c"},
]
python-dateutil = [
    {file = "python-dateutil-2.8.2.tar.gz", hash = "sha256:0123cacc1627ae19ddf3c27a5de5bd67ee4586fbdd6440d9748f8abb483d3e86"},
    {file = "python_dateutil-2.8.2-py2.py3-none-any.whl", hash = "sha256:961d03dc3453ebbc59dbdea9e4e11c5651520a876d0f4db161e8674aae935da9"},
]
pytomlpp = [
    {file = "pytomlpp-1.0.11-cp310-cp310-macosx_10_9_universal2.whl", hash = "sha256:450e0298fc879064ed5d0f4a4dd3b4419894ea609c49b711c0adcafdb1c55074"},
    {file = "pytomlpp-1.0.11-cp310-cp310-macosx_10_9_x86_64.whl", hash = "sha256:19664c06fb132daa5ba94107f6c205a4f3122495155788e16503d1ea4e49d79d"},
    {file = "pytomlpp-1.0.11-cp310-cp310-macosx_11_0_arm64.whl", hash = "sha256:c4ec6951158a0b51e8a7de79e0a5c29a2a73f7381bb35ce638b833e628a26e77"},
    {file = "pytomlpp-1.0.11-cp310-cp310-manylinux_2_12_i686.manylinux2010_i686.whl", hash = "sha256:9505450bf56bef8f751ebe22097e0edc0ccdb68aa8841bd5369dc347bbca5d0e"},
    {file = "pytomlpp-1.0.11-cp310-cp310-manylinux_2_12_x86_64.manylinux2010_x86_64.whl", hash = "sha256:e0f176edb38a22d078bddcc7cd3c34e38edfe1af9db82d2a08d9af474674423a"},
    {file = "pytomlpp-1.0.11-cp310-cp310-musllinux_1_1_i686.whl", hash = "sha256:86810e8f9df7b55e8e65325d809a738e1ad7f49637e275cb55d8ab42651eabf6"},
    {file = "pytomlpp-1.0.11-cp310-cp310-musllinux_1_1_x86_64.whl", hash = "sha256:e85e392fcd4b6c6682af937717305646e3d318b1c204beaa7f37297c71aa801c"},
    {file = "pytomlpp-1.0.11-cp310-cp310-win_amd64.whl", hash = "sha256:58c3dd9fe03a76cce4d8afb5fc21341773807e8cf81b201f013189c902474938"},
    {file = "pytomlpp-1.0.11-cp36-cp36m-macosx_10_9_x86_64.whl", hash = "sha256:a85ebedf272e7084dd16c14ea59243328e88a66fff43532987307a8771d240cd"},
    {file = "pytomlpp-1.0.11-cp36-cp36m-manylinux_2_12_i686.manylinux2010_i686.whl", hash = "sha256:01e6a27a8d77f39ce3eab2717107539b5cdd4b8caf524e58396b7066f38981b1"},
    {file = "pytomlpp-1.0.11-cp36-cp36m-manylinux_2_12_x86_64.manylinux2010_x86_64.whl", hash = "sha256:363b1b2469f6782dfb684f5f0c5b97e969b4822fe5c6d5619bc9d0c3ee3418dc"},
    {file = "pytomlpp-1.0.11-cp36-cp36m-musllinux_1_1_i686.whl", hash = "sha256:ac1d9b8fec0ee3efa4a6cfa21107e301f7a567cb2310d7c31c6fe3529f11e4e0"},
    {file = "pytomlpp-1.0.11-cp36-cp36m-musllinux_1_1_x86_64.whl", hash = "sha256:b73028948fa8ff81c4279592ae980370acd0b9d5cdbb871cefc644c58b2d0dd1"},
    {file = "pytomlpp-1.0.11-cp36-cp36m-win_amd64.whl", hash = "sha256:9ee0860c9fa1c1c382fec5624c99835c8cb6bbde174d1b94c9542f531fc7678d"},
    {file = "pytomlpp-1.0.11-cp37-cp37m-macosx_10_9_x86_64.whl", hash = "sha256:b29690c81c6ca42058031936add3e1b5c133beefbaf9efd0897ab50c6a15ad18"},
    {file = "pytomlpp-1.0.11-cp37-cp37m-manylinux_2_12_i686.manylinux2010_i686.whl", hash = "sha256:c807e00f495d8b6c3bcd253a5490f8b7888bb9d8d98057b70d7dee625cd608f7"},
    {file = "pytomlpp-1.0.11-cp37-cp37m-manylinux_2_12_x86_64.manylinux2010_x86_64.whl", hash = "sha256:4d9a43a375b816f6eaedd4e8d9921d8a4618c89970014dd993e17a3d61360a2d"},
    {file = "pytomlpp-1.0.11-cp37-cp37m-musllinux_1_1_i686.whl", hash = "sha256:1d1c9566102da161a541329b9000574b2f3e4ccda7807c0799e1466c29ddab97"},
    {file = "pytomlpp-1.0.11-cp37-cp37m-musllinux_1_1_x86_64.whl", hash = "sha256:adcd00554beca01a056234a3f3fb5415b2391fa1c4b6b710ccb8765a6ad79017"},
    {file = "pytomlpp-1.0.11-cp37-cp37m-win_amd64.whl", hash = "sha256:f0ea1aeba4bc1be0de2f25eb3fe6ea77315c5449f54a43c6af6ab36ac37a529d"},
    {file = "pytomlpp-1.0.11-cp38-cp38-macosx_10_9_universal2.whl", hash = "sha256:2f479327b4cd91d8ad9e0b8bcbc793d5b0dff38d4bea310bb4e33205ad60dfca"},
    {file = "pytomlpp-1.0.11-cp38-cp38-macosx_10_9_x86_64.whl", hash = "sha256:99b0efff21de3568e5df9e13781338143fbc672b246025d20359a5ffd6d8eb94"},
    {file = "pytomlpp-1.0.11-cp38-cp38-macosx_11_0_arm64.whl", hash = "sha256:8edf552d041dfc9fc21af458176e3d790d2e279128c0ac1b26d6237f78a605c1"},
    {file = "pytomlpp-1.0.11-cp38-cp38-manylinux_2_12_i686.manylinux2010_i686.whl", hash = "sha256:0f9ca56a7d2932cf06bf6468fb398e8d9b67a2eb5bdf3de199f0d3ab5993c053"},
    {file = "pytomlpp-1.0.11-cp38-cp38-manylinux_2_12_x86_64.manylinux2010_x86_64.whl", hash = "sha256:0ab3ec403080a902d56bc2ad29b8895f45c8c8ce132e773e14d5267e7ed1cd79"},
    {file = "pytomlpp-1.0.11-cp38-cp38-musllinux_1_1_i686.whl", hash = "sha256:a73d045c85b35ebc289830a475a1aa80572dbd656b1110d9a8d197d63cfd70f3"},
    {file = "pytomlpp-1.0.11-cp38-cp38-musllinux_1_1_x86_64.whl", hash = "sha256:7a7ba1069f98d3c9d2d867ebf8d0e5dcd381927e22854a0db2f5d410bc46819d"},
    {file = "pytomlpp-1.0.11-cp38-cp38-win_amd64.whl", hash = "sha256:27dd7d5299e064619ecfd1d5da6a97a3626bc9c0eb7a8c5fb0f405f2d37178a5"},
    {file = "pytomlpp-1.0.11-cp39-cp39-macosx_10_9_universal2.whl", hash = "sha256:6040e3d70957695ff5864477b8554a23b7306a854262276a996a88d09264e669"},
    {file = "pytomlpp-1.0.11-cp39-cp39-macosx_10_9_x86_64.whl", hash = "sha256:2fc2c806d41176fb456cde35d09f93539b8e12f2a25db82d0a7c9832b5d86c10"},
    {file = "pytomlpp-1.0.11-cp39-cp39-macosx_11_0_arm64.whl", hash = "sha256:6a41243cf07b2f489e3ffdd191a6bc4b30715463a7fd6cb09e5400976e2f6259"},
    {file = "pytomlpp-1.0.11-cp39-cp39-manylinux_2_12_i686.manylinux2010_i686.whl", hash = "sha256:160a29bf397a6f5dbd8ab0b985b3bcd8c6ec8ba29d4137cd2751cdcb6401409e"},
    {file = "pytomlpp-1.0.11-cp39-cp39-manylinux_2_12_x86_64.manylinux2010_x86_64.whl", hash = "sha256:02d7c0291bbec46576d9b86f61881021b2279224baa770b9a57b17888bba64e3"},
    {file = "pytomlpp-1.0.11-cp39-cp39-musllinux_1_1_i686.whl", hash = "sha256:a1db522368079a7a8e5525e249484f7fe087797f201b8b588573dbd05a0092df"},
    {file = "pytomlpp-1.0.11-cp39-cp39-musllinux_1_1_x86_64.whl", hash = "sha256:cd83a7f18df52175a0155052ea83d8cacdea972bce7c24fd950d41b3f62ee9fc"},
    {file = "pytomlpp-1.0.11-cp39-cp39-win_amd64.whl", hash = "sha256:592567be7c2261580673e977b17dafc262e977c7d24a6019438f1e2c0e4d7b70"},
    {file = "pytomlpp-1.0.11-pp37-pypy37_pp73-macosx_10_9_x86_64.whl", hash = "sha256:9420596fb5ba9fad4bdf3899767448be2bf9144263a4506b2d7956d1099bf85d"},
    {file = "pytomlpp-1.0.11-pp37-pypy37_pp73-manylinux_2_12_i686.manylinux2010_i686.whl", hash = "sha256:04cabd19fc746b8a04b278f1a1429de68eb3aa6a7cae0330d5c919e455eba7fd"},
    {file = "pytomlpp-1.0.11-pp37-pypy37_pp73-manylinux_2_12_x86_64.manylinux2010_x86_64.whl", hash = "sha256:acb66fe6c27c210f3519dda2e70928419388f1af8853102c579fa3079d9ff97c"},
    {file = "pytomlpp-1.0.11-pp37-pypy37_pp73-win_amd64.whl", hash = "sha256:1e583427ff49928e628d43940af31919f0d9e87138aaf1b506978d9d999d4551"},
    {file = "pytomlpp-1.0.11.tar.gz", hash = "sha256:90021866ee72c16475692ec8b0ecc69ec530d2b8ce27a63a4cc39c1907f4b37a"},
]
pytz = [
    {file = "pytz-2022.1-py2.py3-none-any.whl", hash = "sha256:e68985985296d9a66a881eb3193b0906246245294a881e7c8afe623866ac6a5c"},
    {file = "pytz-2022.1.tar.gz", hash = "sha256:1e760e2fe6a8163bc0b3d9a19c4f84342afa0a2affebfaa84b01b978a02ecaa7"},
]
rai-sdk = [
    {file = "rai-sdk-0.6.3.tar.gz", hash = "sha256:b90776cfd351cb7a3e3fa30c980959b70c80e72e3190aecda42bc4b63e875a3e"},
    {file = "rai_sdk-0.6.3-py3-none-any.whl", hash = "sha256:414b77b63925c8f9da6c25173faa890532e4a0873603c8fbceed20249a736e01"},
]
six = [
    {file = "six-1.16.0-py2.py3-none-any.whl", hash = "sha256:8abb2f1d86890a2dfb989f9a77cfcfd3e47c2a354b01111771326f8aa26e0254"},
    {file = "six-1.16.0.tar.gz", hash = "sha256:1e61c37477a1626458e36f7b1d82aa5c9b094fa4802892072e49de9c60c4c926"},
]
